
Microsoft Visual Studio Solution File, Format Version 12.00
# Visual Studio 2013
VisualStudioVersion = 12.0.31101.0
MinimumVisualStudioVersion = 10.0.40219.1
Project("{FAE04EC0-301F-11D3-BF4B-00C04F79EFBC}") = "MyJunkYourStuff", "MyJunkYourStuff\MyJunkYourStuff.csproj", "{F9277E1E-CFD8-4E0D-9C81-822EC5931B7A}"
EndProject
Project("{FAE04EC0-301F-11D3-BF4B-00C04F79EFBC}") = "DocumentDbBootstrapper", "HOLs\Azure DocumentDB\DocumentDbBootstrapper\DocumentDbBootstrapper.csproj", "{A4D4735A-9454-4339-845C-1CFFB35EF246}"
EndProject
Global
	GlobalSection(SolutionConfigurationPlatforms) = preSolution
		Debug|Any CPU = Debug|Any CPU
		Release|Any CPU = Release|Any CPU
	EndGlobalSection
	GlobalSection(ProjectConfigurationPlatforms) = postSolution
		{F9277E1E-CFD8-4E0D-9C81-822EC5931B7A}.Debug|Any CPU.ActiveCfg = Debug|Any CPU
		{F9277E1E-CFD8-4E0D-9C81-822EC5931B7A}.Debug|Any CPU.Build.0 = Debug|Any CPU
		{F9277E1E-CFD8-4E0D-9C81-822EC5931B7A}.Release|Any CPU.ActiveCfg = Release|Any CPU
		{F9277E1E-CFD8-4E0D-9C81-822EC5931B7A}.Release|Any CPU.Build.0 = Release|Any CPU
		{A4D4735A-9454-4339-845C-1CFFB35EF246}.Debug|Any CPU.ActiveCfg = Debug|Any CPU
		{A4D4735A-9454-4339-845C-1CFFB35EF246}.Debug|Any CPU.Build.0 = Debug|Any CPU
		{A4D4735A-9454-4339-845C-1CFFB35EF246}.Release|Any CPU.ActiveCfg = Release|Any CPU
		{A4D4735A-9454-4339-845C-1CFFB35EF246}.Release|Any CPU.Build.0 = Release|Any CPU
	EndGlobalSection
	GlobalSection(SolutionProperties) = preSolution
		HideSolutionNode = FALSE
	EndGlobalSection
EndGlobal
